
Microsoft Visual Studio Solution File, Format Version 12.00
# Visual Studio 14
VisualStudioVersion = 14.0.25420.1
MinimumVisualStudioVersion = 10.0.40219.1
Project("{FAE04EC0-301F-11D3-BF4B-00C04F79EFBC}") = "Sentinel", "SentinelSystem\Sentinel.csproj", "{A0D8EA05-0C29-4DB7-A8E8-310F5209FD37}"
EndProject
Project("{F184B08F-C81C-45F6-A57F-5ABD9991F28F}") = "Travox-Systems", "Travox-Systems\Travox-Systems\Travox-Systems.vbproj", "{AB55F327-B229-4E96-BAF4-4FD3D3F59553}"
EndProject
Project("{F184B08F-C81C-45F6-A57F-5ABD9991F28F}") = "Travox-Web", "Travox-Web\Travox-Web\Travox-Web.vbproj", "{0A54F7EB-7822-45D5-BAC4-087D54CEFE7E}"
EndProject
Project("{FAE04EC0-301F-11D3-BF4B-00C04F79EFBC}") = "Travox.Data", "Travox.System\Travox.Data.csproj", "{C6EB967A-00C8-4403-B9CE-A25EA51E1FDC}"
EndProject
Project("{FAE04EC0-301F-11D3-BF4B-00C04F79EFBC}") = "Travox.Controls", "Travox.Controls\Travox.Controls.csproj", "{762E0333-D531-425D-9C77-2482D60DB222}"
EndProject
Project("{FAE04EC0-301F-11D3-BF4B-00C04F79EFBC}") = "Travox.Managers", "Travox.Managers\Travox.Managers.csproj", "{D7690163-2420-4DA8-B153-4F65D170461A}"
EndProject
Project("{FAE04EC0-301F-11D3-BF4B-00C04F79EFBC}") = "Travox.MirrorDriver", "Travox.MirrorDriver\Travox.MirrorDriver.csproj", "{18D98E23-BBFE-432B-861C-1A1DC4BD302B}"
EndProject
Project("{FAE04EC0-301F-11D3-BF4B-00C04F79EFBC}") = "Travox.Model", "Travox.Model\Travox.Model.csproj", "{0D9CBF57-19A7-4007-8945-E5EE4584A6FB}"
EndProject
Project("{FAE04EC0-301F-11D3-BF4B-00C04F79EFBC}") = "Travox.Network", "Travox.Network\Travox.Network.csproj", "{5BB29303-0DF8-4D32-9117-A022C1B6FDB9}"
EndProject
Project("{FAE04EC0-301F-11D3-BF4B-00C04F79EFBC}") = "Travox.Providers", "Travox.Providers\Travox.Providers.csproj", "{212C884F-28B5-42E7-98D7-5B449061A9A6}"
EndProject
Global
	GlobalSection(SolutionConfigurationPlatforms) = preSolution
		Debug|Any CPU = Debug|Any CPU
		Debug|x64 = Debug|x64
		Release|Any CPU = Release|Any CPU
		Release|x64 = Release|x64
	EndGlobalSection
	GlobalSection(ProjectConfigurationPlatforms) = postSolution
		{A0D8EA05-0C29-4DB7-A8E8-310F5209FD37}.Debug|Any CPU.ActiveCfg = Debug|Any CPU
		{A0D8EA05-0C29-4DB7-A8E8-310F5209FD37}.Debug|Any CPU.Build.0 = Debug|Any CPU
		{A0D8EA05-0C29-4DB7-A8E8-310F5209FD37}.Debug|x64.ActiveCfg = Release|x64
		{A0D8EA05-0C29-4DB7-A8E8-310F5209FD37}.Debug|x64.Build.0 = Release|x64
		{A0D8EA05-0C29-4DB7-A8E8-310F5209FD37}.Release|Any CPU.ActiveCfg = Release|Any CPU
		{A0D8EA05-0C29-4DB7-A8E8-310F5209FD37}.Release|Any CPU.Build.0 = Release|Any CPU
		{A0D8EA05-0C29-4DB7-A8E8-310F5209FD37}.Release|x64.ActiveCfg = Release|x64
		{A0D8EA05-0C29-4DB7-A8E8-310F5209FD37}.Release|x64.Build.0 = Release|x64
		{AB55F327-B229-4E96-BAF4-4FD3D3F59553}.Debug|Any CPU.ActiveCfg = Debug|Any CPU
		{AB55F327-B229-4E96-BAF4-4FD3D3F59553}.Debug|Any CPU.Build.0 = Debug|Any CPU
		{AB55F327-B229-4E96-BAF4-4FD3D3F59553}.Debug|x64.ActiveCfg = Debug|Any CPU
		{AB55F327-B229-4E96-BAF4-4FD3D3F59553}.Debug|x64.Build.0 = Debug|Any CPU
		{AB55F327-B229-4E96-BAF4-4FD3D3F59553}.Release|Any CPU.ActiveCfg = Release|Any CPU
		{AB55F327-B229-4E96-BAF4-4FD3D3F59553}.Release|Any CPU.Build.0 = Release|Any CPU
		{AB55F327-B229-4E96-BAF4-4FD3D3F59553}.Release|x64.ActiveCfg = Release|Any CPU
		{AB55F327-B229-4E96-BAF4-4FD3D3F59553}.Release|x64.Build.0 = Release|Any CPU
		{0A54F7EB-7822-45D5-BAC4-087D54CEFE7E}.Debug|Any CPU.ActiveCfg = Debug|Any CPU
		{0A54F7EB-7822-45D5-BAC4-087D54CEFE7E}.Debug|Any CPU.Build.0 = Debug|Any CPU
		{0A54F7EB-7822-45D5-BAC4-087D54CEFE7E}.Debug|x64.ActiveCfg = Debug|Any CPU
		{0A54F7EB-7822-45D5-BAC4-087D54CEFE7E}.Debug|x64.Build.0 = Debug|Any CPU
		{0A54F7EB-7822-45D5-BAC4-087D54CEFE7E}.Release|Any CPU.ActiveCfg = Release|Any CPU
		{0A54F7EB-7822-45D5-BAC4-087D54CEFE7E}.Release|Any CPU.Build.0 = Release|Any CPU
		{0A54F7EB-7822-45D5-BAC4-087D54CEFE7E}.Release|x64.ActiveCfg = Release|Any CPU
		{0A54F7EB-7822-45D5-BAC4-087D54CEFE7E}.Release|x64.Build.0 = Release|Any CPU
		{C6EB967A-00C8-4403-B9CE-A25EA51E1FDC}.Debug|Any CPU.ActiveCfg = Debug|Any CPU
		{C6EB967A-00C8-4403-B9CE-A25EA51E1FDC}.Debug|Any CPU.Build.0 = Debug|Any CPU
		{C6EB967A-00C8-4403-B9CE-A25EA51E1FDC}.Debug|x64.ActiveCfg = Debug|Any CPU
		{C6EB967A-00C8-4403-B9CE-A25EA51E1FDC}.Debug|x64.Build.0 = Debug|Any CPU
		{C6EB967A-00C8-4403-B9CE-A25EA51E1FDC}.Release|Any CPU.ActiveCfg = Release|Any CPU
		{C6EB967A-00C8-4403-B9CE-A25EA51E1FDC}.Release|Any CPU.Build.0 = Release|Any CPU
		{C6EB967A-00C8-4403-B9CE-A25EA51E1FDC}.Release|x64.ActiveCfg = Release|Any CPU
		{C6EB967A-00C8-4403-B9CE-A25EA51E1FDC}.Release|x64.Build.0 = Release|Any CPU
		{762E0333-D531-425D-9C77-2482D60DB222}.Debug|Any CPU.ActiveCfg = Debug|Any CPU
		{762E0333-D531-425D-9C77-2482D60DB222}.Debug|Any CPU.Build.0 = Debug|Any CPU
		{762E0333-D531-425D-9C77-2482D60DB222}.Debug|x64.ActiveCfg = Debug|Any CPU
		{762E0333-D531-425D-9C77-2482D60DB222}.Debug|x64.Build.0 = Debug|Any CPU
		{762E0333-D531-425D-9C77-2482D60DB222}.Release|Any CPU.ActiveCfg = Release|Any CPU
		{762E0333-D531-425D-9C77-2482D60DB222}.Release|Any CPU.Build.0 = Release|Any CPU
		{762E0333-D531-425D-9C77-2482D60DB222}.Release|x64.ActiveCfg = Release|Any CPU
		{762E0333-D531-425D-9C77-2482D60DB222}.Release|x64.Build.0 = Release|Any CPU
		{D7690163-2420-4DA8-B153-4F65D170461A}.Debug|Any CPU.ActiveCfg = Debug|Any CPU
		{D7690163-2420-4DA8-B153-4F65D170461A}.Debug|Any CPU.Build.0 = Debug|Any CPU
		{D7690163-2420-4DA8-B153-4F65D170461A}.Debug|x64.ActiveCfg = Debug|Any CPU
		{D7690163-2420-4DA8-B153-4F65D170461A}.Debug|x64.Build.0 = Debug|Any CPU
		{D7690163-2420-4DA8-B153-4F65D170461A}.Release|Any CPU.ActiveCfg = Release|Any CPU
		{D7690163-2420-4DA8-B153-4F65D170461A}.Release|Any CPU.Build.0 = Release|Any CPU
		{D7690163-2420-4DA8-B153-4F65D170461A}.Release|x64.ActiveCfg = Release|Any CPU
		{D7690163-2420-4DA8-B153-4F65D170461A}.Release|x64.Build.0 = Release|Any CPU
		{18D98E23-BBFE-432B-861C-1A1DC4BD302B}.Debug|Any CPU.ActiveCfg = Debug|Any CPU
		{18D98E23-BBFE-432B-861C-1A1DC4BD302B}.Debug|Any CPU.Build.0 = Debug|Any CPU
		{18D98E23-BBFE-432B-861C-1A1DC4BD302B}.Debug|x64.ActiveCfg = Debug|Any CPU
		{18D98E23-BBFE-432B-861C-1A1DC4BD302B}.Debug|x64.Build.0 = Debug|Any CPU
		{18D98E23-BBFE-432B-861C-1A1DC4BD302B}.Release|Any CPU.ActiveCfg = Release|Any CPU
		{18D98E23-BBFE-432B-861C-1A1DC4BD302B}.Release|Any CPU.Build.0 = Release|Any CPU
		{18D98E23-BBFE-432B-861C-1A1DC4BD302B}.Release|x64.ActiveCfg = Release|Any CPU
		{18D98E23-BBFE-432B-861C-1A1DC4BD302B}.Release|x64.Build.0 = Release|Any CPU
		{0D9CBF57-19A7-4007-8945-E5EE4584A6FB}.Debug|Any CPU.ActiveCfg = Debug|Any CPU
		{0D9CBF57-19A7-4007-8945-E5EE4584A6FB}.Debug|Any CPU.Build.0 = Debug|Any CPU
		{0D9CBF57-19A7-4007-8945-E5EE4584A6FB}.Debug|x64.ActiveCfg = Debug|Any CPU
		{0D9CBF57-19A7-4007-8945-E5EE4584A6FB}.Debug|x64.Build.0 = Debug|Any CPU
		{0D9CBF57-19A7-4007-8945-E5EE4584A6FB}.Release|Any CPU.ActiveCfg = Release|Any CPU
		{0D9CBF57-19A7-4007-8945-E5EE4584A6FB}.Release|Any CPU.Build.0 = Release|Any CPU
		{0D9CBF57-19A7-4007-8945-E5EE4584A6FB}.Release|x64.ActiveCfg = Release|Any CPU
		{0D9CBF57-19A7-4007-8945-E5EE4584A6FB}.Release|x64.Build.0 = Release|Any CPU
		{5BB29303-0DF8-4D32-9117-A022C1B6FDB9}.Debug|Any CPU.ActiveCfg = Debug|Any CPU
		{5BB29303-0DF8-4D32-9117-A022C1B6FDB9}.Debug|Any CPU.Build.0 = Debug|Any CPU
		{5BB29303-0DF8-4D32-9117-A022C1B6FDB9}.Debug|x64.ActiveCfg = Debug|Any CPU
		{5BB29303-0DF8-4D32-9117-A022C1B6FDB9}.Debug|x64.Build.0 = Debug|Any CPU
		{5BB29303-0DF8-4D32-9117-A022C1B6FDB9}.Release|Any CPU.ActiveCfg = Release|Any CPU
		{5BB29303-0DF8-4D32-9117-A022C1B6FDB9}.Release|Any CPU.Build.0 = Release|Any CPU
		{5BB29303-0DF8-4D32-9117-A022C1B6FDB9}.Release|x64.ActiveCfg = Release|Any CPU
		{5BB29303-0DF8-4D32-9117-A022C1B6FDB9}.Release|x64.Build.0 = Release|Any CPU
		{212C884F-28B5-42E7-98D7-5B449061A9A6}.Debug|Any CPU.ActiveCfg = Debug|Any CPU
		{212C884F-28B5-42E7-98D7-5B449061A9A6}.Debug|Any CPU.Build.0 = Debug|Any CPU
		{212C884F-28B5-42E7-98D7-5B449061A9A6}.Debug|x64.ActiveCfg = Debug|Any CPU
		{212C884F-28B5-42E7-98D7-5B449061A9A6}.Debug|x64.Build.0 = Debug|Any CPU
		{212C884F-28B5-42E7-98D7-5B449061A9A6}.Release|Any CPU.ActiveCfg = Release|Any CPU
		{212C884F-28B5-42E7-98D7-5B449061A9A6}.Release|Any CPU.Build.0 = Release|Any CPU
		{212C884F-28B5-42E7-98D7-5B449061A9A6}.Release|x64.ActiveCfg = Release|Any CPU
		{212C884F-28B5-42E7-98D7-5B449061A9A6}.Release|x64.Build.0 = Release|Any CPU
	EndGlobalSection
	GlobalSection(SolutionProperties) = preSolution
		HideSolutionNode = FALSE
	EndGlobalSection
EndGlobal
