
Microsoft Visual Studio Solution File, Format Version 12.00
# Visual Studio 2013
VisualStudioVersion = 12.0.40629.0
MinimumVisualStudioVersion = 10.0.40219.1
Project("{FAE04EC0-301F-11D3-BF4B-00C04F79EFBC}") = "Sentinel-TravoxSystem", "Sentinel-TravoxSystem\Sentinel-TravoxSystem.csproj", "{A0D8EA05-0C29-4DB7-A8E8-310F5209FD37}"
EndProject
Project("{F184B08F-C81C-45F6-A57F-5ABD9991F28F}") = "Engine-TravoxSystem", "..\Engine-TravoxSystem\Engine-TravoxSystem\Engine-TravoxSystem.vbproj", "{AB55F327-B229-4E96-BAF4-4FD3D3F59553}"
EndProject
Project("{F184B08F-C81C-45F6-A57F-5ABD9991F28F}") = "Engine-TravoxWeb", "..\Engine-TravoxWeb\Engine-TravoxWeb\Engine-TravoxWeb.vbproj", "{0A54F7EB-7822-45D5-BAC4-087D54CEFE7E}"
EndProject
Global
	GlobalSection(TeamFoundationVersionControl) = preSolution
		SccNumberOfProjects = 4
		SccEnterpriseProvider = {4CA58AB2-18FA-4F8D-95D4-32DDF27D184C}
		SccTeamFoundationServer = http://127.0.0.1/tfs/mid-back%20office%20v4
		SccLocalPath0 = .
		SccProjectUniqueName1 = Sentinel-TravoxSystem\\Sentinel-TravoxSystem.csproj
		SccProjectName1 = Sentinel-TravoxSystem
		SccLocalPath1 = Sentinel-TravoxSystem
		SccProjectUniqueName2 = ..\\Engine-TravoxSystem\\Engine-TravoxSystem\\Engine-TravoxSystem.vbproj
		SccProjectName2 = ../Engine-TravoxSystem/Engine-TravoxSystem
		SccLocalPath2 = ..\\Engine-TravoxSystem\\Engine-TravoxSystem
		SccProjectUniqueName3 = ..\\Engine-TravoxWeb\\Engine-TravoxWeb\\Engine-TravoxWeb.vbproj
		SccProjectName3 = ../Engine-TravoxWeb/Engine-TravoxWeb
		SccLocalPath3 = ..\\Engine-TravoxWeb\\Engine-TravoxWeb
	EndGlobalSection
	GlobalSection(SolutionConfigurationPlatforms) = preSolution
		Debug|Any CPU = Debug|Any CPU
		Release|Any CPU = Release|Any CPU
	EndGlobalSection
	GlobalSection(ProjectConfigurationPlatforms) = postSolution
		{A0D8EA05-0C29-4DB7-A8E8-310F5209FD37}.Debug|Any CPU.ActiveCfg = Debug|Any CPU
		{A0D8EA05-0C29-4DB7-A8E8-310F5209FD37}.Debug|Any CPU.Build.0 = Debug|Any CPU
		{A0D8EA05-0C29-4DB7-A8E8-310F5209FD37}.Release|Any CPU.ActiveCfg = Release|Any CPU
		{A0D8EA05-0C29-4DB7-A8E8-310F5209FD37}.Release|Any CPU.Build.0 = Release|Any CPU
		{AB55F327-B229-4E96-BAF4-4FD3D3F59553}.Debug|Any CPU.ActiveCfg = Debug|Any CPU
		{AB55F327-B229-4E96-BAF4-4FD3D3F59553}.Debug|Any CPU.Build.0 = Debug|Any CPU
		{AB55F327-B229-4E96-BAF4-4FD3D3F59553}.Release|Any CPU.ActiveCfg = Release|Any CPU
		{AB55F327-B229-4E96-BAF4-4FD3D3F59553}.Release|Any CPU.Build.0 = Release|Any CPU
		{0A54F7EB-7822-45D5-BAC4-087D54CEFE7E}.Debug|Any CPU.ActiveCfg = Debug|Any CPU
		{0A54F7EB-7822-45D5-BAC4-087D54CEFE7E}.Debug|Any CPU.Build.0 = Debug|Any CPU
		{0A54F7EB-7822-45D5-BAC4-087D54CEFE7E}.Release|Any CPU.ActiveCfg = Release|Any CPU
		{0A54F7EB-7822-45D5-BAC4-087D54CEFE7E}.Release|Any CPU.Build.0 = Release|Any CPU
	EndGlobalSection
	GlobalSection(SolutionProperties) = preSolution
		HideSolutionNode = FALSE
	EndGlobalSection
EndGlobal
